
Microsoft Visual Studio Solution File, Format Version 12.00
# Visual Studio Version 16
VisualStudioVersion = 16.0.29306.81
MinimumVisualStudioVersion = 10.0.40219.1
Project("{9A19103F-16F7-4668-BE54-9A1E7A4F7556}") = "SnackStoreV3", "SnackStoreV3\SnackStoreV3.csproj", "{52C8D3F1-51B7-472C-BFF5-E6F2A09C3A24}"
EndProject
Project("{9A19103F-16F7-4668-BE54-9A1E7A4F7556}") = "SnackStoreV3.Repository", "SnackStoreV3.Repository\SnackStoreV3.Repository.csproj", "{95448F95-22BC-45F6-B5E5-FE7483A01900}"
EndProject
Project("{9A19103F-16F7-4668-BE54-9A1E7A4F7556}") = "SnackStoreV3.Domain", "SnackStoreV3.Domain\SnackStoreV3.Domain.csproj", "{3ABA0EB6-D0A3-4749-8A6A-D0841210F07D}"
EndProject
Project("{FAE04EC0-301F-11D3-BF4B-00C04F79EFBC}") = "SnackStoreV3.Models", "SnackStoreV3.Models\SnackStoreV3.Models.csproj", "{3314762F-E4FC-4866-83AE-854A3F3485B7}"
EndProject
Global
	GlobalSection(SolutionConfigurationPlatforms) = preSolution
		Debug|Any CPU = Debug|Any CPU
		Release|Any CPU = Release|Any CPU
	EndGlobalSection
	GlobalSection(ProjectConfigurationPlatforms) = postSolution
		{52C8D3F1-51B7-472C-BFF5-E6F2A09C3A24}.Debug|Any CPU.ActiveCfg = Debug|Any CPU
		{52C8D3F1-51B7-472C-BFF5-E6F2A09C3A24}.Debug|Any CPU.Build.0 = Debug|Any CPU
		{52C8D3F1-51B7-472C-BFF5-E6F2A09C3A24}.Release|Any CPU.ActiveCfg = Release|Any CPU
		{52C8D3F1-51B7-472C-BFF5-E6F2A09C3A24}.Release|Any CPU.Build.0 = Release|Any CPU
		{95448F95-22BC-45F6-B5E5-FE7483A01900}.Debug|Any CPU.ActiveCfg = Debug|Any CPU
		{95448F95-22BC-45F6-B5E5-FE7483A01900}.Debug|Any CPU.Build.0 = Debug|Any CPU
		{95448F95-22BC-45F6-B5E5-FE7483A01900}.Release|Any CPU.ActiveCfg = Release|Any CPU
		{95448F95-22BC-45F6-B5E5-FE7483A01900}.Release|Any CPU.Build.0 = Release|Any CPU
		{3ABA0EB6-D0A3-4749-8A6A-D0841210F07D}.Debug|Any CPU.ActiveCfg = Debug|Any CPU
		{3ABA0EB6-D0A3-4749-8A6A-D0841210F07D}.Debug|Any CPU.Build.0 = Debug|Any CPU
		{3ABA0EB6-D0A3-4749-8A6A-D0841210F07D}.Release|Any CPU.ActiveCfg = Release|Any CPU
		{3ABA0EB6-D0A3-4749-8A6A-D0841210F07D}.Release|Any CPU.Build.0 = Release|Any CPU
		{3314762F-E4FC-4866-83AE-854A3F3485B7}.Debug|Any CPU.ActiveCfg = Debug|Any CPU
		{3314762F-E4FC-4866-83AE-854A3F3485B7}.Debug|Any CPU.Build.0 = Debug|Any CPU
		{3314762F-E4FC-4866-83AE-854A3F3485B7}.Release|Any CPU.ActiveCfg = Release|Any CPU
		{3314762F-E4FC-4866-83AE-854A3F3485B7}.Release|Any CPU.Build.0 = Release|Any CPU
	EndGlobalSection
	GlobalSection(SolutionProperties) = preSolution
		HideSolutionNode = FALSE
	EndGlobalSection
	GlobalSection(ExtensibilityGlobals) = postSolution
		SolutionGuid = {9C04F701-7622-490F-A06D-E763EE727794}
	EndGlobalSection
EndGlobal
